
Microsoft Visual Studio Solution File, Format Version 12.00
# Visual Studio Version 17
VisualStudioVersion = 17.4.33213.308
MinimumVisualStudioVersion = 10.0.40219.1
Project("{FAE04EC0-301F-11D3-BF4B-00C04F79EFBC}") = "OnlyCatsWebapp", "OnlyCatsWebapp\OnlyCatsWebapp.csproj", "{0ECE7FD4-0A5E-4096-9549-6839BEC42C5E}"
EndProject
Global
	GlobalSection(SolutionConfigurationPlatforms) = preSolution
		Debug|Any CPU = Debug|Any CPU
		Release|Any CPU = Release|Any CPU
	EndGlobalSection
	GlobalSection(ProjectConfigurationPlatforms) = postSolution
		{0ECE7FD4-0A5E-4096-9549-6839BEC42C5E}.Debug|Any CPU.ActiveCfg = Debug|Any CPU
		{0ECE7FD4-0A5E-4096-9549-6839BEC42C5E}.Debug|Any CPU.Build.0 = Debug|Any CPU
		{0ECE7FD4-0A5E-4096-9549-6839BEC42C5E}.Release|Any CPU.ActiveCfg = Release|Any CPU
		{0ECE7FD4-0A5E-4096-9549-6839BEC42C5E}.Release|Any CPU.Build.0 = Release|Any CPU
	EndGlobalSection
	GlobalSection(SolutionProperties) = preSolution
		HideSolutionNode = FALSE
	EndGlobalSection
	GlobalSection(ExtensibilityGlobals) = postSolution
		SolutionGuid = {2FFAB16C-680C-4332-9D14-A26649C243F9}
	EndGlobalSection
EndGlobal
